// !$*UTF8*$!
{
    archiveVersion = 1;
    classes = {
    };
    objectVersion = 46;
    objects = {

/* Begin PBXAggregateTarget section */
		AAB418675622E74C69A6C2E5 /* Framework */ = {
			isa = PBXAggregateTarget;
			buildConfigurationList = AA972D733489FF4192A92FC4 /* Build configuration list for PBXAggregateTarget "Framework" */;
			buildPhases = (
				AA09029B5B675047EE9181CD /* MultiBuild Framework */,
			);
			dependencies = (
				AAB14951FBC1EE49D998B326 /* PBXTargetDependency */,
			);
			name = Framework;
			productName = Framework;
		};
/* End PBXAggregateTarget section */

/* Begin PBXBuildFile section */
        AAEDF2AA6BF9AA4714B9FDC6 /* Foundation.framework in Frameworks */ = {isa = PBXBuildFile; fileRef = AA8BD787EE08CE47278AF709 /* Foundation.framework */; };
        AAA069139FD89A41C383430F /* Foundation.framework in Frameworks */ = {isa = PBXBuildFile; fileRef = AA8BD787EE08CE47278AF709 /* Foundation.framework */; };
        AA839D0B7E00234E0AB8C47C /* UIKit.framework in Frameworks */ = {isa = PBXBuildFile; fileRef = AA020B5B46786F474289AAF9 /* UIKit.framework */; };
        AAB3C78B998D7A417EA7293E /* libDigitalNewzealandRR.a in Frameworks */ = {isa = PBXBuildFile; fileRef = AA77FCAE1138634D27B51763 /* libDigitalNewzealandRR.a */; };
        AAA8128DBD56AD41E5B70B1E /* APIHelper.m in Sources */ = {isa = PBXBuildFile; fileRef = AACE5F5DF033874119B55C54 /* APIHelper.m */; };
        AAE03545D8364A45999B8534 /* APIError.m in Sources */ = {isa = PBXBuildFile; fileRef = AA3BB582000B424256A04102 /* APIError.m */; };
        AA9FBE3A18AAE44A16BA0FCA /* Configuration.m in Sources */ = {isa = PBXBuildFile; fileRef = AA4ACCDA43F66247C2A5E65E /* Configuration.m */; };
		AA5F29729DDCA64A79842BBB /* SearchRecordInput.h in Headers */ = {isa = PBXBuildFile; fileRef = AA9BE43C5829F8470A9C70F2 /* SearchRecordInput.h */; settings = {ATTRIBUTES = (Public, ); }; };
		AA992B92E1F18F44C09CA2E6 /* SearchRecordInput.m in Sources */ = {isa = PBXBuildFile; fileRef = AADFDBED07505D4CC192E4EA /* SearchRecordInput.m */; };
		AAEBCBE9F79034466C8AE4C2 /* GetMetadataInput.h in Headers */ = {isa = PBXBuildFile; fileRef = AA63678A5188954ECBB42DEF /* GetMetadataInput.h */; settings = {ATTRIBUTES = (Public, ); }; };
		AA89808C3E2D264DA7A3676D /* GetMetadataInput.m in Sources */ = {isa = PBXBuildFile; fileRef = AA64F2E5925C6A4C008B064F /* GetMetadataInput.m */; };
		AA365E7DFED90C439DADC080 /* ResultsCollection.h in Headers */ = {isa = PBXBuildFile; fileRef = AA14206EFAA1094864926E30 /* ResultsCollection.h */; settings = {ATTRIBUTES = (Public, ); }; };
		AAB8EB59A167044F24B20A74 /* ResultsCollection.m in Sources */ = {isa = PBXBuildFile; fileRef = AACC91ED520FDB4FFC87781B /* ResultsCollection.m */; };
		AABF7C7F7537A34F9297993B /* CollectionSearchRecords.h in Headers */ = {isa = PBXBuildFile; fileRef = AA3AD7A824BDF14F59973427 /* CollectionSearchRecords.h */; settings = {ATTRIBUTES = (Public, ); }; };
		AAB038CE264D4842B1A5EB24 /* CollectionSearchRecords.m in Sources */ = {isa = PBXBuildFile; fileRef = AA3889D2684D7B4BD7A7797D /* CollectionSearchRecords.m */; };
		AAAA3DFC67E4104F21A264F8 /* SearchRecordController.h in Headers */ = {isa = PBXBuildFile; fileRef = AA073EA839113745D2B154CF /* SearchRecordController.h */; settings = {ATTRIBUTES = (Public, ); }; };
		AAC02A77B104BB47AB838CC6 /* SearchRecordController.m in Sources */ = {isa = PBXBuildFile; fileRef = AA1398B63FB5A248C4A3EB2F /* SearchRecordController.m */; };
		AA0CA67164B5734B2B8BC2FE /* MetadataController.h in Headers */ = {isa = PBXBuildFile; fileRef = AADBDA6A5603D6474B82B851 /* MetadataController.h */; settings = {ATTRIBUTES = (Public, ); }; };
		AA86CBF3C057D8498195B383 /* MetadataController.m in Sources */ = {isa = PBXBuildFile; fileRef = AA52835761EA6D4297AFA17A /* MetadataController.m */; };
		AAE6073D13F0914DF29F30E1 /* Configuration.h in Headers */ = {isa = PBXBuildFile; fileRef = AA17A111EECFD54F4C929275 /* Configuration.h */; settings = {ATTRIBUTES = (Public, ); }; };
		AADB5BF23A7B334401B02CA4 /* APIError.h in Headers */ = {isa = PBXBuildFile; fileRef = AA0E2586991B6B4ACAAC7165 /* APIError.h */; settings = {ATTRIBUTES = (Public, ); }; };
		AA56AC8B676FEA437C940777 /* APIHelper.h in Headers */ = {isa = PBXBuildFile; fileRef = AABCFEB785CA464B7AA45E65 /* APIHelper.h */; settings = {ATTRIBUTES = (Public, ); }; };
		AAE0425EA2073946F2A13CBF /* libPods.a in Frameworks */ = {isa = PBXBuildFile; fileRef = AA2D8346FFA16C488F926F13 /* libPods.a */; };
		AA4905948DDD2B4C1C9CC2FE /* libJSONModel.a in Frameworks */ = {isa = PBXBuildFile; fileRef = AAAA40AABE235F4595B9974C /* libJSONModel.a */; };		
		AAE648A5AE692C40DC8AF0F2 /* libUnirest.a in Frameworks */ = {isa = PBXBuildFile; fileRef = AA21507CF291AA43F7801A16 /* libUnirest.a */; };
		AA96F9A95AF9574ED2B3F3F9 /* IHttpClient.h in Headers */ = {isa = PBXBuildFile; fileRef = AA355FE6A6D6604DC2B0B665 /* IHttpClient.h */; settings = {ATTRIBUTES = (Public, ); }; };
		AADEED05F2830D4357A7741B /* HttpContext.h in Headers */ = {isa = PBXBuildFile; fileRef = AA9461E9D3CAE84125B847C1 /* HttpContext.h */; settings = {ATTRIBUTES = (Public, ); }; };
		AAEB4EA95E350D4567B97409 /* HttpContext.m in Sources */ = {isa = PBXBuildFile; fileRef = AAE099B407B14F4D9E93CD21 /* HttpContext.m */; };

		AA6482E9CFA9BB4A85A726AA /* UnirestClient.h in Headers */ = {isa = PBXBuildFile; fileRef = AAB024F97D595449C691808E /* UnirestClient.h */; settings = {ATTRIBUTES = (Public, ); }; };
		AA0E42CCF9D3AF4DA68DBD61 /* UnirestClient.m in Sources */ = {isa = PBXBuildFile; fileRef = AA575D0EB553394EF5BDAEF0 /* UnirestClient.m */; };
		AAC0BA86A316D44DBC91FC5E /* HttpBodyRequest.h in Headers */ = {isa = PBXBuildFile; fileRef = AAB65CFBF82D044D599E02D2 /* HttpBodyRequest.h */; settings = {ATTRIBUTES = (Public, ); }; };
		AA3531815414FB480896A449 /* HttpBodyRequest.m in Sources */ = {isa = PBXBuildFile; fileRef = AA254CC7C675B94F4B99DA67 /* HttpBodyRequest.m */; };
		AA7945F5F800594531AF1908 /* HttpMethod.h in Headers */ = {isa = PBXBuildFile; fileRef = AA86599BD96BBE4DEFBFB841 /* HttpMethod.h */; settings = {ATTRIBUTES = (Public, ); }; };
		AA02026E75F93D4FB9BB13FE /* HttpRequest.h in Headers */ = {isa = PBXBuildFile; fileRef = AABB7EE7BDE92A4DB8B7AE95 /* HttpRequest.h */; settings = {ATTRIBUTES = (Public, ); }; };
		AA6128B49884B341818B52BE /* HttpRequest.m in Sources */ = {isa = PBXBuildFile; fileRef = AA25FFC0C25FA94AB3B90073 /* HttpRequest.m */; };
		AADB9EBDF2279747FDADF38A /* HttpResponse.h in Headers */ = {isa = PBXBuildFile; fileRef = AAC0F1CD7657674517B589AA /* HttpResponse.h */; settings = {ATTRIBUTES = (Public, ); }; };
		AAADC5A3F0649C4CB3B26C1B /* HttpResponse.m in Sources */ = {isa = PBXBuildFile; fileRef = AA5FC92B0F7DD447F59DBAD6 /* HttpResponse.m */; };
		AAD219CE0EAF25410597D58F /* HttpStringResponse.h in Headers */ = {isa = PBXBuildFile; fileRef = AABCFDFE4AEFE641BA8B0642 /* HttpStringResponse.h */; settings = {ATTRIBUTES = (Public, ); }; };
		AAEE8C83EB12C74BCC904D18 /* HttpStringResponse.m in Sources */ = {isa = PBXBuildFile; fileRef = AAA0931F4A8D1B49FBA5FE3F /* HttpStringResponse.m */; };
		AA8B6BE26A4B744B2BB72060 /* BaseController.h in Headers */ = {isa = PBXBuildFile; fileRef = AA17C174291DC64F1CB4427C /* BaseController.h */; settings = {ATTRIBUTES = (Public, ); }; };
		AA21C836F7770F4146BD276D /* BaseController.m in Sources */ = {isa = PBXBuildFile; fileRef = AA1780C20A4A24448EA4E78B /* BaseController.m */; };
/* End PBXBuildFile section */

/* Begin PBXContainerItemProxy section */
		AA18D72C168B4B474F8EA0B4 /* PBXContainerItemProxy */ = {
			isa = PBXContainerItemProxy;
			containerPortal = AA8CFD8FA9CF724805AD9EAF /* Project object */;
			proxyType = 1;
			remoteGlobalIDString = AA7C8677E922FF4B6F827A0D;
			remoteInfo = DigitalNewzealandRR;
		};
        AA18D72C168B4B474F8EA0B4 /* PBXContainerItemProxy */ = {
            isa = PBXContainerItemProxy;
            containerPortal = AA303B3566A97A4DECBBD51A /* Project object */;
            proxyType = 1;
            remoteGlobalIDString = AA7C8677E922FF4B6F827A0D;
            remoteInfo = DigitalNewzealandRR;
        };
/* End PBXContainerItemProxy section */

/* Begin PBXCopyFilesBuildPhase section */
        AA879ED1F93A3E4BAF933FC0 /* CopyFiles */ = {
            isa = PBXCopyFilesBuildPhase;
            buildActionMask = 2147483647;
            dstPath = "include/$(PRODUCT_NAME)";
            dstSubfolderSpec = 16;
            files = (
            );
            runOnlyForDeploymentPostprocessing = 0;
        };
/* End PBXCopyFilesBuildPhase section */

/* Begin PBXFileReference section */
        AA77FCAE1138634D27B51763 /* libDigitalNewzealandRR.a */ = {isa = PBXFileReference; explicitFileType = archive.ar; includeInIndex = 0; path = libDigitalNewzealandRR.a; sourceTree = BUILT_PRODUCTS_DIR; };
        AA8BD787EE08CE47278AF709 /* Foundation.framework */ = {isa = PBXFileReference; lastKnownFileType = wrapper.framework; name = Foundation.framework; path = System/Library/Frameworks/Foundation.framework; sourceTree = SDKROOT; };
        AA9F6F2ABA752D4AFFB7E23E /* DigitalNewzealandRR-Prefix.pch */ = {isa = PBXFileReference; lastKnownFileType = sourcecode.c.h; path = "DigitalNewzealandRR-Prefix.pch"; sourceTree = "<group>"; };
        AA020B5B46786F474289AAF9 /* UIKit.framework */ = {isa = PBXFileReference; lastKnownFileType = wrapper.framework; name = UIKit.framework; path = Library/Frameworks/UIKit.framework; sourceTree = DEVELOPER_DIR; };
        AACE5F5DF033874119B55C54 /* APIHelper.m */ = {isa = PBXFileReference; fileEncoding = 4; lastKnownFileType = sourcecode.c.objc; path = APIHelper.m; sourceTree = "<group>"; };
        AABCFEB785CA464B7AA45E65 /* APIHelper.h */ = {isa = PBXFileReference; fileEncoding = 4; lastKnownFileType = sourcecode.c.h; path = APIHelper.h; sourceTree = "<group>"; };		
        AA3BB582000B424256A04102 /* APIError.m */ = {isa = PBXFileReference; fileEncoding = 4; lastKnownFileType = sourcecode.c.objc; path = APIError.m; sourceTree = "<group>"; };
        AA0E2586991B6B4ACAAC7165 /* APIError.h */ = {isa = PBXFileReference; fileEncoding = 4; lastKnownFileType = sourcecode.c.h; path = APIError.h; sourceTree = "<group>"; };
        AA4ACCDA43F66247C2A5E65E /* Configuration.m */ = {isa = PBXFileReference; fileEncoding = 4; lastKnownFileType = sourcecode.c.objc; path = Configuration.m; sourceTree = "<group>"; };
        AA17A111EECFD54F4C929275 /* Configuration.h */ = {isa = PBXFileReference; fileEncoding = 4; lastKnownFileType = sourcecode.c.h; path = Configuration.h; sourceTree = "<group>"; };
		AA9BE43C5829F8470A9C70F2 /* SearchRecordInput.h */ = {isa = PBXFileReference; fileEncoding = 4; lastKnownFileType = sourcecode.c.h; name = SearchRecordInput.h; path = Models/SearchRecordInput.h; sourceTree = "<group>"; };
		AADFDBED07505D4CC192E4EA /* SearchRecordInput.m */ = {isa = PBXFileReference; fileEncoding = 4; lastKnownFileType = sourcecode.c.objc; name = SearchRecordInput.m; path = Models/SearchRecordInput.m; sourceTree = "<group>"; };
		AA63678A5188954ECBB42DEF /* GetMetadataInput.h */ = {isa = PBXFileReference; fileEncoding = 4; lastKnownFileType = sourcecode.c.h; name = GetMetadataInput.h; path = Models/GetMetadataInput.h; sourceTree = "<group>"; };
		AA64F2E5925C6A4C008B064F /* GetMetadataInput.m */ = {isa = PBXFileReference; fileEncoding = 4; lastKnownFileType = sourcecode.c.objc; name = GetMetadataInput.m; path = Models/GetMetadataInput.m; sourceTree = "<group>"; };
		AA14206EFAA1094864926E30 /* ResultsCollection.h */ = {isa = PBXFileReference; fileEncoding = 4; lastKnownFileType = sourcecode.c.h; name = ResultsCollection.h; path = Models/ResultsCollection.h; sourceTree = "<group>"; };
		AACC91ED520FDB4FFC87781B /* ResultsCollection.m */ = {isa = PBXFileReference; fileEncoding = 4; lastKnownFileType = sourcecode.c.objc; name = ResultsCollection.m; path = Models/ResultsCollection.m; sourceTree = "<group>"; };
		AA3AD7A824BDF14F59973427 /* CollectionSearchRecords.h */ = {isa = PBXFileReference; fileEncoding = 4; lastKnownFileType = sourcecode.c.h; name = CollectionSearchRecords.h; path = Models/CollectionSearchRecords.h; sourceTree = "<group>"; };
		AA3889D2684D7B4BD7A7797D /* CollectionSearchRecords.m */ = {isa = PBXFileReference; fileEncoding = 4; lastKnownFileType = sourcecode.c.objc; name = CollectionSearchRecords.m; path = Models/CollectionSearchRecords.m; sourceTree = "<group>"; };
		AA073EA839113745D2B154CF /* SearchRecordController.h */ = {isa = PBXFileReference; fileEncoding = 4; lastKnownFileType = sourcecode.c.h; name = SearchRecordController.h; path = Controllers/SearchRecordController.h; sourceTree = "<group>"; };
		AA1398B63FB5A248C4A3EB2F /* SearchRecordController.m */ = {isa = PBXFileReference; fileEncoding = 4; lastKnownFileType = sourcecode.c.objc; name = SearchRecordController.m; path = Controllers/SearchRecordController.m; sourceTree = "<group>"; };
		AADBDA6A5603D6474B82B851 /* MetadataController.h */ = {isa = PBXFileReference; fileEncoding = 4; lastKnownFileType = sourcecode.c.h; name = MetadataController.h; path = Controllers/MetadataController.h; sourceTree = "<group>"; };
		AA52835761EA6D4297AFA17A /* MetadataController.m */ = {isa = PBXFileReference; fileEncoding = 4; lastKnownFileType = sourcecode.c.objc; name = MetadataController.m; path = Controllers/MetadataController.m; sourceTree = "<group>"; };
		AA2D8346FFA16C488F926F13 /* libPods.a */ = {isa = PBXFileReference; explicitFileType = archive.ar; includeInIndex = 0; path = libPods.a; sourceTree = BUILT_PRODUCTS_DIR; };
		AAAA40AABE235F4595B9974C /* libJSONModel.a */ = {isa = PBXFileReference; lastKnownFileType = file; name = "libJSONModel.a"; path = "libJSONModel.a"; sourceTree = "<group>"; };
		AA21507CF291AA43F7801A16 /* libUnirest.a */ = {isa = PBXFileReference; lastKnownFileType = file; name = "libUnirest.a"; path = "libUnirest.a"; sourceTree = "<group>"; };
        AA355FE6A6D6604DC2B0B665 /* IHttpClient.h */ = {isa = PBXFileReference; fileEncoding = 4; lastKnownFileType = sourcecode.c.h; name = IHttpClient.h; path = Http/Client/IHttpClient.h; sourceTree = "<group>"; };
		AAB024F97D595449C691808E /* UnirestClient.h */ = {isa = PBXFileReference; fileEncoding = 4; lastKnownFileType = sourcecode.c.h; name = UnirestClient.h; path = Http/Client/UnirestClient.h; sourceTree = "<group>"; };
		AA575D0EB553394EF5BDAEF0 /* UnirestClient.m */ = {isa = PBXFileReference; fileEncoding = 4; lastKnownFileType = sourcecode.c.objc; name = UnirestClient.m; path = Http/Client/UnirestClient.m; sourceTree = "<group>"; };
		AA9461E9D3CAE84125B847C1 /* HttpContext.h */ = {isa = PBXFileReference; fileEncoding = 4; lastKnownFileType = sourcecode.c.h; name = HttpContext.h; path = Http/Client/HttpContext.h; sourceTree = "<group>"; };
		AAE099B407B14F4D9E93CD21 /* HttpContext.m */ = {isa = PBXFileReference; fileEncoding = 4; lastKnownFileType = sourcecode.c.objc;name = HttpContext.m;  path = Http/Client/HttpContext.m; sourceTree = "<group>"; };

		AAB65CFBF82D044D599E02D2 /* HttpBodyRequest.h */ = {isa = PBXFileReference; fileEncoding = 4; lastKnownFileType = sourcecode.c.h; name = HttpBodyRequest.h; path = Http/Request/HttpBodyRequest.h; sourceTree = "<group>"; };
		AA254CC7C675B94F4B99DA67 /* HttpBodyRequest.m */ = {isa = PBXFileReference; fileEncoding = 4; lastKnownFileType = sourcecode.c.objc; name = HttpBodyRequest.m; path = Http/Request/HttpBodyRequest.m; sourceTree = "<group>"; };
		AA86599BD96BBE4DEFBFB841 /* HttpMethod.h */ = {isa = PBXFileReference; fileEncoding = 4; lastKnownFileType = sourcecode.c.h; name = HttpMethod.h; path = Http/Request/HttpMethod.h; sourceTree = "<group>"; };
		AABB7EE7BDE92A4DB8B7AE95 /* HttpRequest.h */ = {isa = PBXFileReference; fileEncoding = 4; lastKnownFileType = sourcecode.c.h; name = HttpRequest.h; path = Http/Request/HttpRequest.h; sourceTree = "<group>"; };
		AA25FFC0C25FA94AB3B90073 /* HttpRequest.m */ = {isa = PBXFileReference; fileEncoding = 4; lastKnownFileType = sourcecode.c.objc; name = HttpRequest.m; path = Http/Request/HttpRequest.m; sourceTree = "<group>"; };
		AAC0F1CD7657674517B589AA /* HttpResponse.h */ = {isa = PBXFileReference; fileEncoding = 4; lastKnownFileType = sourcecode.c.h; name = HttpResponse.h; path = Http/Response/HttpResponse.h; sourceTree = "<group>"; };
		AA5FC92B0F7DD447F59DBAD6 /* HttpResponse.m */ = {isa = PBXFileReference; fileEncoding = 4; lastKnownFileType = sourcecode.c.objc; name = HttpResponse.m; path = Http/Response/HttpResponse.m; sourceTree = "<group>"; };
		AABCFDFE4AEFE641BA8B0642 /* HttpStringResponse.h */ = {isa = PBXFileReference; fileEncoding = 4; lastKnownFileType = sourcecode.c.h; name = HttpStringResponse.h; path = Http/Response/HttpStringResponse.h; sourceTree = "<group>"; };
		AAA0931F4A8D1B49FBA5FE3F /* HttpStringResponse.m */ = {isa = PBXFileReference; fileEncoding = 4; lastKnownFileType = sourcecode.c.objc; name = HttpStringResponse.m; path = Http/Response/HttpStringResponse.m; sourceTree = "<group>"; };
		AA17C174291DC64F1CB4427C /* BaseController.h */ = {isa = PBXFileReference; fileEncoding = 4; lastKnownFileType = sourcecode.c.h; name = BaseController.h; path = Controllers/BaseController.h; sourceTree = "<group>"; };
		AA1780C20A4A24448EA4E78B /* BaseController.m */ = {isa = PBXFileReference; fileEncoding = 4; lastKnownFileType = sourcecode.c.objc; name = BaseController.m; path = Controllers/BaseController.m; sourceTree = "<group>"; };
/* End PBXFileReference section */

/* Begin PBXFrameworksBuildPhase section */
        AADCDD70AE53FC482299B742 /* Frameworks */ = {
            isa = PBXFrameworksBuildPhase;
            buildActionMask = 2147483647;
            files = (
                AAEDF2AA6BF9AA4714B9FDC6 /* Foundation.framework in Frameworks */,
				AAE648A5AE692C40DC8AF0F2 /* libUnirest.a in Frameworks */,				
				AA4905948DDD2B4C1C9CC2FE /* libJSONModel.a in Frameworks */,				
				AAE0425EA2073946F2A13CBF /* libPods.a in Frameworks */,
            );
            runOnlyForDeploymentPostprocessing = 0;
        };
        AABECBDCAF1C744497A6043E /* Frameworks */ = {
            isa = PBXFrameworksBuildPhase;
            buildActionMask = 2147483647;
            files = (
                AA839D0B7E00234E0AB8C47C /* UIKit.framework in Frameworks */,
                AAB3C78B998D7A417EA7293E /* libDigitalNewzealandRR.a in Frameworks */,
                AAA069139FD89A41C383430F /* Foundation.framework in Frameworks */,
            );
            runOnlyForDeploymentPostprocessing = 0;
        };
/* End PBXFrameworksBuildPhase section */

/* Begin PBXGroup section */
        AABDDE1F4A6DB24C2796BCF8 = {
            isa = PBXGroup;
            children = (
                AA5B768FF366DF43C4B83A7C /* DigitalNewzealandRR */,
                AA8A877A56406045C2B4A77C /* Frameworks */,
                AAD625356DF8A54859B05826 /* Products */,
            );
            sourceTree = "<group>";
        };
        AAD625356DF8A54859B05826 /* Products */ = {
            isa = PBXGroup;
            children = (
                AA77FCAE1138634D27B51763 /* libDigitalNewzealandRR.a */,
            );
            name = Products;
            sourceTree = "<group>";
        };
        AA8A877A56406045C2B4A77C /* Frameworks */ = {
            isa = PBXGroup;
            children = (
				AA21507CF291AA43F7801A16 /* libUnirest.a */,
				AAAA40AABE235F4595B9974C /* libJSONModel.a */,
				AA2D8346FFA16C488F926F13 /* libPods.a */,
                AA8BD787EE08CE47278AF709 /* Foundation.framework */,
                AA020B5B46786F474289AAF9 /* UIKit.framework */,
            );
            name = Frameworks;
            sourceTree = "<group>";
        };
        AA5B768FF366DF43C4B83A7C /* DigitalNewzealandRR */ = {
            isa = PBXGroup;
            children = (
                AA94933ECA3BB14ACF9EE691 /* Models */,
                AAE2834A5D00264F27A95AAF /* Http */,
                AA7EB735A9491749B98CA74E /* Controllers */,
                AABD98B931BDEC413EA424E4 /* Supporting Files */,
                AACE5F5DF033874119B55C54 /* APIHelper.m */,
                AABCFEB785CA464B7AA45E65 /* APIHelper.h */,
                AA3BB582000B424256A04102 /* APIError.m */,
                AA0E2586991B6B4ACAAC7165 /* APIError.h */,
                AA4ACCDA43F66247C2A5E65E /* Configuration.m */,
                AA17A111EECFD54F4C929275 /* Configuration.h */,
            );
            path = DigitalNewzealandRR;
            sourceTree = "<group>";
        };
        AABD98B931BDEC413EA424E4 /* Supporting Files */ = {
            isa = PBXGroup;
            children = (
                AA9F6F2ABA752D4AFFB7E23E /* DigitalNewzealandRR-Prefix.pch */,
            );
            name = "Supporting Files";
            sourceTree = "<group>";
        };
        AA7EB735A9491749B98CA74E /* Controllers */ = {
            isa = PBXGroup;
            children = (
				AA17C174291DC64F1CB4427C /* BaseController.h */,
				AA1780C20A4A24448EA4E78B /* BaseController.m */,
				AA073EA839113745D2B154CF /* SearchRecordController.h */,
				AA1398B63FB5A248C4A3EB2F /* SearchRecordController.m */,
				AADBDA6A5603D6474B82B851 /* MetadataController.h */,
				AA52835761EA6D4297AFA17A /* MetadataController.m */,
            );
            name = Controllers;
            sourceTree = "<group>";
        };
		AA1CC842F539BE4309BF6468 /* Client */ = {
			isa = PBXGroup;
			children = (
				AA355FE6A6D6604DC2B0B665 /* IHttpClient.h */,
				AAB024F97D595449C691808E /* UnirestClient.h */,
				AA575D0EB553394EF5BDAEF0 /* UnirestClient.m */,
				AA9461E9D3CAE84125B847C1 /* HttpContext.h */,
				AAE099B407B14F4D9E93CD21 /* HttpContext.m */,
			);
			name = Client;
			sourceTree = "<group>";
		};
		AAE2834A5D00264F27A95AAF /* Http */ = {
			isa = PBXGroup;
			children = (
				AA71A5545F8B6C4792B673AC /* Request */,
				AA1CC842F539BE4309BF6468 /* Client */,
				AA5D4668F972E54D9F8F2B69 /* Response */,
			);
			name = Http;
			sourceTree = "<group>";
		};
		AA71A5545F8B6C4792B673AC /* Request */ = {
			isa = PBXGroup;
			children = (
				AAB65CFBF82D044D599E02D2 /* HttpBodyRequest.h */,
				AA254CC7C675B94F4B99DA67 /* HttpBodyRequest.m */,
				AA86599BD96BBE4DEFBFB841 /* HttpMethod.h */,
				AABB7EE7BDE92A4DB8B7AE95 /* HttpRequest.h */,
				AA25FFC0C25FA94AB3B90073 /* HttpRequest.m */,
			);
			name = Request;
			sourceTree = "<group>";
		};
		AA5D4668F972E54D9F8F2B69 /* Response */ = {
			isa = PBXGroup;
			children = (
				AAC0F1CD7657674517B589AA /* HttpResponse.h */,
				AA5FC92B0F7DD447F59DBAD6 /* HttpResponse.m */,
				AABCFDFE4AEFE641BA8B0642 /* HttpStringResponse.h */,
				AAA0931F4A8D1B49FBA5FE3F /* HttpStringResponse.m */,
			);
			name = Response;
			sourceTree = "<group>";
		};
        AA94933ECA3BB14ACF9EE691 /* Models */ = {
            isa = PBXGroup;
            children = (
				AA9BE43C5829F8470A9C70F2 /* SearchRecordInput.h */,
				AADFDBED07505D4CC192E4EA /* SearchRecordInput.m */,
				AA63678A5188954ECBB42DEF /* GetMetadataInput.h */,
				AA64F2E5925C6A4C008B064F /* GetMetadataInput.m */,
				AA14206EFAA1094864926E30 /* ResultsCollection.h */,
				AACC91ED520FDB4FFC87781B /* ResultsCollection.m */,
				AA3AD7A824BDF14F59973427 /* CollectionSearchRecords.h */,
				AA3889D2684D7B4BD7A7797D /* CollectionSearchRecords.m */,
            );
            name = Models;
            sourceTree = "<group>";
        };
/* End PBXGroup section */

/* Begin PBXHeadersBuildPhase section */
		AA45B3A50261914189A16A76 /* Headers */ = {
			isa = PBXHeadersBuildPhase;
			buildActionMask = 2147483647;
			files = (
		AA5F29729DDCA64A79842BBB /* SearchRecordInput.h in Headers */,
		AAEBCBE9F79034466C8AE4C2 /* GetMetadataInput.h in Headers */,
		AA365E7DFED90C439DADC080 /* ResultsCollection.h in Headers */,
		AABF7C7F7537A34F9297993B /* CollectionSearchRecords.h in Headers */,
		AAAA3DFC67E4104F21A264F8 /* SearchRecordController.h in Headers */,
		AA0CA67164B5734B2B8BC2FE /* MetadataController.h in Headers */,
		AA56AC8B676FEA437C940777 /* APIHelper.h in Headers */,
		AAE6073D13F0914DF29F30E1 /* Configuration.h in Headers */,
		AADB5BF23A7B334401B02CA4 /* APIError.h in Headers */,
		AAC0BA86A316D44DBC91FC5E /* HttpBodyRequest.h in Headers */,
		AA02026E75F93D4FB9BB13FE /* HttpRequest.h in Headers */,
		AA96F9A95AF9574ED2B3F3F9 /* IHttpClient.h in Headers */,
		AADEED05F2830D4357A7741B /* HttpContext.h in Headers */,

		AA8B6BE26A4B744B2BB72060 /* BaseController.h in Headers */,
		AADB9EBDF2279747FDADF38A /* HttpResponse.h in Headers */,
		AA6482E9CFA9BB4A85A726AA /* UnirestClient.h in Headers */,
		AAD219CE0EAF25410597D58F /* HttpStringResponse.h in Headers */,
		AA7945F5F800594531AF1908 /* HttpMethod.h in Headers */,
			);
			runOnlyForDeploymentPostprocessing = 0;
		};
/* End PBXHeadersBuildPhase section */

/* Begin PBXNativeTarget section */
        AA7C8677E922FF4B6F827A0D /* DigitalNewzealandRR */ = {
            isa = PBXNativeTarget;
            buildConfigurationList = AA93B15CA43DAB44C2A53323 /* Build configuration list for PBXNativeTarget "DigitalNewzealandRR" */;
            buildPhases = (
                AA38EFD830588C4BEE9080E2 /* Sources */,
                AADCDD70AE53FC482299B742 /* Frameworks */,
                AA879ED1F93A3E4BAF933FC0 /* CopyFiles */,
				AA45B3A50261914189A16A76 /* Headers */,
				AA8D365FA5CBDE4905BCBADE /* Build Framework */,
            );
            buildRules = (
            );
            dependencies = (
            );
            name = DigitalNewzealandRR;
            productName = DigitalNewzealandRR;
            productReference = AA77FCAE1138634D27B51763 /* libDigitalNewzealandRR.a */;
            productType = "com.apple.product-type.library.static";
        };		
/* End PBXNativeTarget section */

/* Begin PBXProject section */
        AA303B3566A97A4DECBBD51A /* Project object */ = {
            isa = PBXProject;
            attributes = {
                LastUpgradeCheck = 0500;
                ORGANIZATIONNAME = APIMatic;
            };
            buildConfigurationList = AADDFC1B0D5D1B4D11AD20E1 /* Build configuration list for PBXProject "DigitalNewzealandRR" */;
            compatibilityVersion = "Xcode 3.2";
            developmentRegion = English;
            hasScannedForEncodings = 0;
            knownRegions = (
                en,
            );
            mainGroup = AABDDE1F4A6DB24C2796BCF8;
            productRefGroup = AAD625356DF8A54859B05826 /* Products */;
            projectDirPath = "";
            projectRoot = "";
            targets = (
                AA7C8677E922FF4B6F827A0D /* DigitalNewzealandRR */,
				AAB418675622E74C69A6C2E5 /* Framework */,
            );
        };
/* End PBXProject section */

/* Begin PBXShellScriptBuildPhase section */
		AA8D365FA5CBDE4905BCBADE /* Build Framework */ = {
			isa = PBXShellScriptBuildPhase;
			buildActionMask = 2147483647;
			files = (
			);
			inputPaths = (
			);
			name = "Build Framework";
			outputPaths = (
			);
			runOnlyForDeploymentPostprocessing = 0;
			shellPath = /bin/sh;
			shellScript = "#Credit: http://www.raywenderlich.com/65964/create-a-framework-for-ios\nset -e\n\nexport FRAMEWORK_LOCN=\"${BUILT_PRODUCTS_DIR}/${PRODUCT_NAME}.framework\"\n\n# Create the path to the real Headers die\nmkdir -p \"${FRAMEWORK_LOCN}/Versions/A/Headers\"\n\n# Create the required symlinks\n/bin/ln -sfh A \"${FRAMEWORK_LOCN}/Versions/Current\"\n/bin/ln -sfh Versions/Current/Headers \"${FRAMEWORK_LOCN}/Headers\"\n/bin/ln -sfh \"Versions/Current/${PRODUCT_NAME}\" \\\n\"${FRAMEWORK_LOCN}/${PRODUCT_NAME}\"\n\n# Copy the public headers into the framework\n/bin/cp -f -r \"${PODS_ROOT}/Headers/Public/JSONModel/\" \\\n\"${FRAMEWORK_LOCN}/Versions/A/Headers\"\n\n# Copy the public headers into the framework\n/bin/cp -f -r \"${PODS_ROOT}/Headers/Public/Unirest/\" \\\n\"${FRAMEWORK_LOCN}/Versions/A/Headers\"\n\n# Copy the public headers into the framework\n/bin/cp -f -r \"${TARGET_BUILD_DIR}/${PUBLIC_HEADERS_FOLDER_PATH}/\" \\\n\"${FRAMEWORK_LOCN}/Versions/A/Headers\"";
		};
		AA09029B5B675047EE9181CD /* MultiBuild Framework */ = {
			isa = PBXShellScriptBuildPhase;
			buildActionMask = 2147483647;
			files = (
			);
			inputPaths = (
			);
			name = "MultiBuild Framework";
			outputPaths = (
			);
			runOnlyForDeploymentPostprocessing = 0;
			shellPath = /bin/sh;
			shellScript = "#Credit: http://www.raywenderlich.com/65964/create-a-framework-for-ios\nset -e\n\n# If we're already inside this script then die\nif [ -n \"$RW_MULTIPLATFORM_BUILD_IN_PROGRESS\" ]; then\nexit 0\nfi\n\nexport RW_MULTIPLATFORM_BUILD_IN_PROGRESS=1\n\nRW_FRAMEWORK_NAME=${PROJECT_NAME}\nRW_INPUT_STATIC_LIB=\"lib${PROJECT_NAME}.a\"\nRW_FRAMEWORK_LOCATION=\"${BUILT_PRODUCTS_DIR}/${RW_FRAMEWORK_NAME}.framework\"\n\nfunction build_static_library {\n    # Will rebuild the static library as specified\n    #     build_static_library sdk\n     \n     xcrun xcodebuild \\\n    -workspace \"${PROJECT_DIR}/${PROJECT_NAME}.xcworkspace\" \\\n    -scheme \"${TARGET_NAME}\" \\\n    -configuration \"${CONFIGURATION}\" \\\n    -sdk \"${1}\" \\\n    ONLY_ACTIVE_ARCH=NO \\\n    BUILD_DIR=\"${BUILD_DIR}\" \\\n    OBJROOT=\"${OBJROOT}\" \\\n    BUILD_ROOT=\"${BUILD_ROOT}\" \\\n    SYMROOT=\"${SYMROOT}\" $ACTION\n}\n\nfunction make_fat_library {\n    # Will smash 2 static libs together\n    #     make_fat_library in1 in2 out\n    xcrun lipo -create \"${1}\" \"${2}\" -output \"${3}\"\n}\n\n# 1 - Extract the platform (iphoneos/iphonesimulator) from the SDK name\nif [[ \"$SDK_NAME\" =~ ([A-Za-z]+) ]]; then\nRW_SDK_PLATFORM=${BASH_REMATCH[1]}\nelse\necho \"Could not find platform name from SDK_NAME: $SDK_NAME\"\nexit 1\nfi\n\n# 2 - Extract the version from the SDK\nif [[ \"$SDK_NAME\" =~ ([0-9]+.*$) ]]; then\nRW_SDK_VERSION=${BASH_REMATCH[1]}\nelse\necho \"Could not find sdk version from SDK_NAME: $SDK_NAME\"\nexit 1\nfi\n\n# 3 - Determine the other platform\nif [ \"$RW_SDK_PLATFORM\" == \"iphoneos\" ]; then\nRW_OTHER_PLATFORM=iphonesimulator\nelse\nRW_OTHER_PLATFORM=iphoneos\nfi\n\n# 4 - Find the build directory\nif [[ \"$BUILT_PRODUCTS_DIR\" =~ (.*)$RW_SDK_PLATFORM$ ]]; then\nRW_OTHER_BUILT_PRODUCTS_DIR=\"${BASH_REMATCH[1]}${RW_OTHER_PLATFORM}\"\nelse\necho \"Could not find other platform build directory.\"\nexit 1\nfi\n\n# Build the other platform.\nbuild_static_library \"${RW_OTHER_PLATFORM}${RW_SDK_VERSION}\"\n\n# If we're currently building for iphonesimulator, then need to rebuild\n#   to ensure that we get both i386 and x86_64\nif [ \"$RW_SDK_PLATFORM\" == \"iphonesimulator\" ]; then\nbuild_static_library \"${SDK_NAME}\"\nfi\n\n# Join the 2 static libs into 1 and push into the .framework\nmake_fat_library \"${BUILT_PRODUCTS_DIR}/${RW_INPUT_STATIC_LIB}\" \\\n\"${RW_OTHER_BUILT_PRODUCTS_DIR}/${RW_INPUT_STATIC_LIB}\" \\\n\"${RW_FRAMEWORK_LOCATION}/Versions/A/${RW_FRAMEWORK_NAME}\"\n\n# Ensure that the framework is present in both platform's build directories\ncp -a \"${RW_FRAMEWORK_LOCATION}/Versions/A/${RW_FRAMEWORK_NAME}\" \\\n\"${RW_OTHER_BUILT_PRODUCTS_DIR}/${RW_FRAMEWORK_NAME}.framework/Versions/A/${RW_FRAMEWORK_NAME}\"\n\n# Copy the framework to the user's desktop\nditto \"${RW_FRAMEWORK_LOCATION}\" \"${HOME}/Desktop/${RW_FRAMEWORK_NAME}.framework\"";
		};
/* End PBXShellScriptBuildPhase section */

/* Begin PBXSourcesBuildPhase section */
        AA38EFD830588C4BEE9080E2 /* Sources */ = {
            isa = PBXSourcesBuildPhase;
            buildActionMask = 2147483647;
            files = (
                AAA8128DBD56AD41E5B70B1E /* APIHelper.m in Sources */,
                AAE03545D8364A45999B8534 /* APIError.m in Sources */,
                AA9FBE3A18AAE44A16BA0FCA /* Configuration.m in Sources */,
				AA992B92E1F18F44C09CA2E6 /* SearchRecordInput.m in Sources */,
				AA89808C3E2D264DA7A3676D /* GetMetadataInput.m in Sources */,
				AAB8EB59A167044F24B20A74 /* ResultsCollection.m in Sources */,
				AAB038CE264D4842B1A5EB24 /* CollectionSearchRecords.m in Sources */,
				AAC02A77B104BB47AB838CC6 /* SearchRecordController.m in Sources */,
				AA86CBF3C057D8498195B383 /* MetadataController.m in Sources */,
				 AA3531815414FB480896A449 /* HttpBodyRequest.m in Sources */,
				 AA21C836F7770F4146BD276D /* BaseController.m in Sources */,
				 AA0E42CCF9D3AF4DA68DBD61 /* UnirestClient.m in Sources */,
				 AAEB4EA95E350D4567B97409 /* UnirestClient.m in Sources */,
				 AAADC5A3F0649C4CB3B26C1B /* HttpResponse.m in Sources */,
				 AAEE8C83EB12C74BCC904D18 /* HttpStringResponse.m in Sources */,
				 AA6128B49884B341818B52BE /* HttpRequest.m in Sources */,
            );
            runOnlyForDeploymentPostprocessing = 0;
        };
/* End PBXSourcesBuildPhase section */

/* Begin PBXTargetDependency section */
		AAB14951FBC1EE49D998B326 /* PBXTargetDependency */ = {
			isa = PBXTargetDependency;
			target = AA7C8677E922FF4B6F827A0D /* DigitalNewzealandRR */;
			targetProxy = AA18D72C168B4B474F8EA0B4 /* PBXContainerItemProxy */;
		};
        AA7D48AFA687734937B7E02C /* PBXTargetDependency */ = {
            isa = PBXTargetDependency;
            target = AA7C8677E922FF4B6F827A0D /* DigitalNewzealandRR */;
            targetProxy = AA18D72C168B4B474F8EA0B4 /* PBXContainerItemProxy */;
        };
/* End PBXTargetDependency section */

/* Begin XCBuildConfiguration section */
		AA453EDED003A449E0B9932B /* Debug */ = {
			isa = XCBuildConfiguration;
			buildSettings = {
				PRODUCT_NAME = "$(TARGET_NAME)";
			};
			name = Debug;
		};
		AA90D7FFFB33CE4850B309F2 /* Release */ = {
			isa = XCBuildConfiguration;
			buildSettings = {
				PRODUCT_NAME = "$(TARGET_NAME)";
			};
			name = Release;
		};
        AAD8F82316A161466E8815F5 /* Debug */ = {
            isa = XCBuildConfiguration;
            buildSettings = {
                ALWAYS_SEARCH_USER_PATHS = NO;
                ARCHS = "$(ARCHS_STANDARD_INCLUDING_64_BIT)";
                CLANG_CXX_LANGUAGE_STANDARD = "gnu++0x";
                CLANG_CXX_LIBRARY = "libc++";
                CLANG_ENABLE_MODULES = YES;
                CLANG_ENABLE_OBJC_ARC = YES;
                CLANG_WARN_BOOL_CONVERSION = YES;
                CLANG_WARN_CONSTANT_CONVERSION = YES;
                CLANG_WARN_DIRECT_OBJC_ISA_USAGE = YES_ERROR;
                CLANG_WARN_EMPTY_BODY = YES;
                CLANG_WARN_ENUM_CONVERSION = YES;
                CLANG_WARN_INT_CONVERSION = YES;
                CLANG_WARN_OBJC_ROOT_CLASS = YES_ERROR;
                CLANG_WARN__DUPLICATE_METHOD_MATCH = YES;
                COPY_PHASE_STRIP = NO;
                GCC_C_LANGUAGE_STANDARD = gnu99;
                GCC_DYNAMIC_NO_PIC = NO;
                GCC_OPTIMIZATION_LEVEL = 0;
                GCC_PREPROCESSOR_DEFINITIONS = (
                    "DEBUG=1",
                    "$(inherited)",
                );
                GCC_SYMBOLS_PRIVATE_EXTERN = NO;
                GCC_WARN_64_TO_32_BIT_CONVERSION = YES;
                GCC_WARN_ABOUT_RETURN_TYPE = YES_ERROR;
                GCC_WARN_UNDECLARED_SELECTOR = YES;
                GCC_WARN_UNINITIALIZED_AUTOS = YES;
                GCC_WARN_UNUSED_FUNCTION = YES;
                GCC_WARN_UNUSED_VARIABLE = YES;
                IPHONEOS_DEPLOYMENT_TARGET = 7.0;
                ONLY_ACTIVE_ARCH = YES;
                SDKROOT = iphoneos;
            };
            name = Debug;
        };
        AAE4DAF98CD87D41B1857C58 /* Release */ = {
            isa = XCBuildConfiguration;
            buildSettings = {
                ALWAYS_SEARCH_USER_PATHS = NO;
                ARCHS = "$(ARCHS_STANDARD_INCLUDING_64_BIT)";
                CLANG_CXX_LANGUAGE_STANDARD = "gnu++0x";
                CLANG_CXX_LIBRARY = "libc++";
                CLANG_ENABLE_MODULES = YES;
                CLANG_ENABLE_OBJC_ARC = YES;
                CLANG_WARN_BOOL_CONVERSION = YES;
                CLANG_WARN_CONSTANT_CONVERSION = YES;
                CLANG_WARN_DIRECT_OBJC_ISA_USAGE = YES_ERROR;
                CLANG_WARN_EMPTY_BODY = YES;
                CLANG_WARN_ENUM_CONVERSION = YES;
                CLANG_WARN_INT_CONVERSION = YES;
                CLANG_WARN_OBJC_ROOT_CLASS = YES_ERROR;
                CLANG_WARN__DUPLICATE_METHOD_MATCH = YES;
                COPY_PHASE_STRIP = YES;
                ENABLE_NS_ASSERTIONS = NO;
                GCC_C_LANGUAGE_STANDARD = gnu99;
                GCC_WARN_64_TO_32_BIT_CONVERSION = YES;
                GCC_WARN_ABOUT_RETURN_TYPE = YES_ERROR;
                GCC_WARN_UNDECLARED_SELECTOR = YES;
                GCC_WARN_UNINITIALIZED_AUTOS = YES;
                GCC_WARN_UNUSED_FUNCTION = YES;
                GCC_WARN_UNUSED_VARIABLE = YES;
                IPHONEOS_DEPLOYMENT_TARGET = 7.0;
                SDKROOT = iphoneos;
                VALIDATE_PRODUCT = YES;
            };
            name = Release;
        };
        AA3BB52A40BCD94ADFBDCACD /* Debug */ = {
            isa = XCBuildConfiguration;
            buildSettings = {
                DEAD_CODE_STRIPPING = NO;
                DSTROOT = /tmp/DigitalNewzealandRR.dst;
                GCC_PRECOMPILE_PREFIX_HEADER = YES;
                GCC_PREFIX_HEADER = "DigitalNewzealandRR/DigitalNewzealandRR-Prefix.pch";
                OTHER_LDFLAGS = "";
                PRODUCT_NAME = "$(TARGET_NAME)";
				PUBLIC_HEADERS_FOLDER_PATH = "include/$(PROJECT_NAME)";
                SKIP_INSTALL = YES;
				STRIP_INSTALLED_PRODUCT = NO;
				STRIP_STYLE = "non-global";
            };
            name = Debug;
        };
        AA4E6E40F1A81243F5809564 /* Release */ = {
            isa = XCBuildConfiguration;
            buildSettings = {
				COPY_PHASE_STRIP = NO;
				DEAD_CODE_STRIPPING = NO;
                DSTROOT = /tmp/DigitalNewzealandRR.dst;
                GCC_PRECOMPILE_PREFIX_HEADER = YES;
                GCC_PREFIX_HEADER = "DigitalNewzealandRR/DigitalNewzealandRR-Prefix.pch";
                OTHER_LDFLAGS = "";
                PRODUCT_NAME = "$(TARGET_NAME)";
				PUBLIC_HEADERS_FOLDER_PATH = "include/$(PROJECT_NAME)";
                SKIP_INSTALL = YES;
				STRIP_INSTALLED_PRODUCT = NO;
				STRIP_STYLE = "non-global";
            };
            name = Release;
        };
/* End XCBuildConfiguration section */

/* Begin XCConfigurationList section */
		AA972D733489FF4192A92FC4 /* Build configuration list for PBXAggregateTarget "Framework" */ = {
			isa = XCConfigurationList;
			buildConfigurations = (
				AA453EDED003A449E0B9932B /* Debug */,
				AA90D7FFFB33CE4850B309F2 /* Release */,
			);
			defaultConfigurationIsVisible = 0;
		};
        AADDFC1B0D5D1B4D11AD20E1 /* Build configuration list for PBXProject "DigitalNewzealandRR" */ = {
            isa = XCConfigurationList;
            buildConfigurations = (
                AAD8F82316A161466E8815F5 /* Debug */,
                AAE4DAF98CD87D41B1857C58 /* Release */,
            );
            defaultConfigurationIsVisible = 0;
            defaultConfigurationName = Release;
        };
        AA93B15CA43DAB44C2A53323 /* Build configuration list for PBXNativeTarget "DigitalNewzealandRR" */ = {
            isa = XCConfigurationList;
            buildConfigurations = (
                AA3BB52A40BCD94ADFBDCACD /* Debug */,
                AA4E6E40F1A81243F5809564 /* Release */,
            );
            defaultConfigurationIsVisible = 0;
            defaultConfigurationName = Release;
        };
/* End XCConfigurationList section */
    };
    rootObject = AA303B3566A97A4DECBBD51A /* Project object */;
}